// !$*UTF8*$!
{
	archiveVersion = 1;
	classes = {
	};
	objectVersion = 56;
	objects = {

/* Begin PBXBuildFile section */
		8B29AE5A2C295EA8006DB1FF /* NetworkMainMovie.swift in Sources */ = {isa = PBXBuildFile; fileRef = 8B29AE592C295EA8006DB1FF /* NetworkMainMovie.swift */; };
		8B29AE5C2C296B77006DB1FF /* ContentTableViewCell.swift in Sources */ = {isa = PBXBuildFile; fileRef = 8B29AE5B2C296B77006DB1FF /* ContentTableViewCell.swift */; };
		8B29AE5E2C29782F006DB1FF /* ContentCollectionViewCell.swift in Sources */ = {isa = PBXBuildFile; fileRef = 8B29AE5D2C29782F006DB1FF /* ContentCollectionViewCell.swift */; };
		8B29AE662C297AB1006DB1FF /* ContentMovie.swift in Sources */ = {isa = PBXBuildFile; fileRef = 8B29AE652C297AB1006DB1FF /* ContentMovie.swift */; };
		8B29AE682C297FD5006DB1FF /* Data.swift in Sources */ = {isa = PBXBuildFile; fileRef = 8B29AE672C297FD5006DB1FF /* Data.swift */; };
		8B29AE702C2A3B95006DB1FF /* UIViewController+Extension.swift in Sources */ = {isa = PBXBuildFile; fileRef = 8B29AE6F2C2A3B95006DB1FF /* UIViewController+Extension.swift */; };
		8B456EC32C2AFAFF003CFBD1 /* DateFormatter.swift in Sources */ = {isa = PBXBuildFile; fileRef = 8B456EC22C2AFAFF003CFBD1 /* DateFormatter.swift */; };
		8B456EC52C2B8544003CFBD1 /* DetailInfoViewController.swift in Sources */ = {isa = PBXBuildFile; fileRef = 8B456EC42C2B8544003CFBD1 /* DetailInfoViewController.swift */; };
		8B456EC82C2B8BDA003CFBD1 /* BaseViewController.swift in Sources */ = {isa = PBXBuildFile; fileRef = 8B456EC72C2B8BDA003CFBD1 /* BaseViewController.swift */; };
		8B456ECE2C2BF2A8003CFBD1 /* NewNetwork.swift in Sources */ = {isa = PBXBuildFile; fileRef = 8B456ECD2C2BF2A8003CFBD1 /* NewNetwork.swift */; };
		8B456ED02C2BF37A003CFBD1 /* TMDBManager.swift in Sources */ = {isa = PBXBuildFile; fileRef = 8B456ECF2C2BF37A003CFBD1 /* TMDBManager.swift */; };
		8BD646922C16E671001819B5 /* AppDelegate.swift in Sources */ = {isa = PBXBuildFile; fileRef = 8BD646912C16E671001819B5 /* AppDelegate.swift */; };
		8BD646942C16E671001819B5 /* SceneDelegate.swift in Sources */ = {isa = PBXBuildFile; fileRef = 8BD646932C16E671001819B5 /* SceneDelegate.swift */; };
		8BD646962C16E671001819B5 /* MediaViewController.swift in Sources */ = {isa = PBXBuildFile; fileRef = 8BD646952C16E671001819B5 /* MediaViewController.swift */; };
		8BD6469B2C16E672001819B5 /* Assets.xcassets in Resources */ = {isa = PBXBuildFile; fileRef = 8BD6469A2C16E672001819B5 /* Assets.xcassets */; };
		8BD6469E2C16E672001819B5 /* Base in Resources */ = {isa = PBXBuildFile; fileRef = 8BD6469D2C16E672001819B5 /* Base */; };
		8BD646AC2C16EB3C001819B5 /* MediaTableViewCell.swift in Sources */ = {isa = PBXBuildFile; fileRef = 8BD646AB2C16EB3C001819B5 /* MediaTableViewCell.swift */; };
		8BD646AF2C16EED2001819B5 /* Protocol.swift in Sources */ = {isa = PBXBuildFile; fileRef = 8BD646AE2C16EED2001819B5 /* Protocol.swift */; };
		8BD646B22C16F816001819B5 /* UIView+Extension.swift in Sources */ = {isa = PBXBuildFile; fileRef = 8BD646B12C16F816001819B5 /* UIView+Extension.swift */; };
		8BD646B62C1715F2001819B5 /* .gitignore in Resources */ = {isa = PBXBuildFile; fileRef = 8BD646B52C1715F2001819B5 /* .gitignore */; };
		8BD646B82C171C93001819B5 /* APIKey.swift in Sources */ = {isa = PBXBuildFile; fileRef = 8BD646B72C171C93001819B5 /* APIKey.swift */; };
		8BD646C02C17C4D9001819B5 /* ContentViewController.swift in Sources */ = {isa = PBXBuildFile; fileRef = 8BD646BF2C17C4D9001819B5 /* ContentViewController.swift */; };
		8BD646D52C183A82001819B5 /* Kingfisher in Frameworks */ = {isa = PBXBuildFile; productRef = 8BD646D42C183A82001819B5 /* Kingfisher */; };
		8BD646D82C183A8B001819B5 /* Alamofire in Frameworks */ = {isa = PBXBuildFile; productRef = 8BD646D72C183A8B001819B5 /* Alamofire */; };
		8BD646DB2C183A98001819B5 /* SnapKit in Frameworks */ = {isa = PBXBuildFile; productRef = 8BD646DA2C183A98001819B5 /* SnapKit */; };
		8BD646DD2C183CB3001819B5 /* MainMovie.swift in Sources */ = {isa = PBXBuildFile; fileRef = 8BD646DC2C183CB3001819B5 /* MainMovie.swift */; };
		8BD6473D2C190791001819B5 /* MovieViewController.swift in Sources */ = {isa = PBXBuildFile; fileRef = 8BD6473C2C190791001819B5 /* MovieViewController.swift */; };
		8BD647412C1907D1001819B5 /* Main.swift in Sources */ = {isa = PBXBuildFile; fileRef = 8BD647402C1907D1001819B5 /* Main.swift */; };
/* End PBXBuildFile section */

/* Begin PBXFileReference section */
		8B29AE592C295EA8006DB1FF /* NetworkMainMovie.swift */ = {isa = PBXFileReference; lastKnownFileType = sourcecode.swift; path = NetworkMainMovie.swift; sourceTree = "<group>"; };
		8B29AE5B2C296B77006DB1FF /* ContentTableViewCell.swift */ = {isa = PBXFileReference; lastKnownFileType = sourcecode.swift; path = ContentTableViewCell.swift; sourceTree = "<group>"; };
		8B29AE5D2C29782F006DB1FF /* ContentCollectionViewCell.swift */ = {isa = PBXFileReference; lastKnownFileType = sourcecode.swift; path = ContentCollectionViewCell.swift; sourceTree = "<group>"; };
		8B29AE652C297AB1006DB1FF /* ContentMovie.swift */ = {isa = PBXFileReference; lastKnownFileType = sourcecode.swift; path = ContentMovie.swift; sourceTree = "<group>"; };
		8B29AE672C297FD5006DB1FF /* Data.swift */ = {isa = PBXFileReference; lastKnownFileType = sourcecode.swift; path = Data.swift; sourceTree = "<group>"; };
		8B29AE6F2C2A3B95006DB1FF /* UIViewController+Extension.swift */ = {isa = PBXFileReference; lastKnownFileType = sourcecode.swift; path = "UIViewController+Extension.swift"; sourceTree = "<group>"; };
		8B456EC22C2AFAFF003CFBD1 /* DateFormatter.swift */ = {isa = PBXFileReference; lastKnownFileType = sourcecode.swift; path = DateFormatter.swift; sourceTree = "<group>"; };
		8B456EC42C2B8544003CFBD1 /* DetailInfoViewController.swift */ = {isa = PBXFileReference; lastKnownFileType = sourcecode.swift; path = DetailInfoViewController.swift; sourceTree = "<group>"; };
		8B456EC72C2B8BDA003CFBD1 /* BaseViewController.swift */ = {isa = PBXFileReference; lastKnownFileType = sourcecode.swift; path = BaseViewController.swift; sourceTree = "<group>"; };
		8B456ECD2C2BF2A8003CFBD1 /* NewNetwork.swift */ = {isa = PBXFileReference; lastKnownFileType = sourcecode.swift; path = NewNetwork.swift; sourceTree = "<group>"; };
		8B456ECF2C2BF37A003CFBD1 /* TMDBManager.swift */ = {isa = PBXFileReference; lastKnownFileType = sourcecode.swift; path = TMDBManager.swift; sourceTree = "<group>"; };
		8BD6468E2C16E671001819B5 /* MediaProject.app */ = {isa = PBXFileReference; explicitFileType = wrapper.application; includeInIndex = 0; path = MediaProject.app; sourceTree = BUILT_PRODUCTS_DIR; };
		8BD646912C16E671001819B5 /* AppDelegate.swift */ = {isa = PBXFileReference; lastKnownFileType = sourcecode.swift; path = AppDelegate.swift; sourceTree = "<group>"; };
		8BD646932C16E671001819B5 /* SceneDelegate.swift */ = {isa = PBXFileReference; lastKnownFileType = sourcecode.swift; path = SceneDelegate.swift; sourceTree = "<group>"; };
		8BD646952C16E671001819B5 /* MediaViewController.swift */ = {isa = PBXFileReference; lastKnownFileType = sourcecode.swift; path = MediaViewController.swift; sourceTree = "<group>"; };
		8BD6469A2C16E672001819B5 /* Assets.xcassets */ = {isa = PBXFileReference; lastKnownFileType = folder.assetcatalog; path = Assets.xcassets; sourceTree = "<group>"; };
		8BD6469D2C16E672001819B5 /* Base */ = {isa = PBXFileReference; lastKnownFileType = file.storyboard; name = Base; path = Base.lproj/LaunchScreen.storyboard; sourceTree = "<group>"; };
		8BD6469F2C16E672001819B5 /* Info.plist */ = {isa = PBXFileReference; lastKnownFileType = text.plist.xml; path = Info.plist; sourceTree = "<group>"; };
		8BD646AB2C16EB3C001819B5 /* MediaTableViewCell.swift */ = {isa = PBXFileReference; lastKnownFileType = sourcecode.swift; path = MediaTableViewCell.swift; sourceTree = "<group>"; };
		8BD646AE2C16EED2001819B5 /* Protocol.swift */ = {isa = PBXFileReference; lastKnownFileType = sourcecode.swift; path = Protocol.swift; sourceTree = "<group>"; };
		8BD646B12C16F816001819B5 /* UIView+Extension.swift */ = {isa = PBXFileReference; lastKnownFileType = sourcecode.swift; path = "UIView+Extension.swift"; sourceTree = "<group>"; };
		8BD646B52C1715F2001819B5 /* .gitignore */ = {isa = PBXFileReference; lastKnownFileType = text; path = .gitignore; sourceTree = "<group>"; };
		8BD646B72C171C93001819B5 /* APIKey.swift */ = {isa = PBXFileReference; lastKnownFileType = sourcecode.swift; path = APIKey.swift; sourceTree = "<group>"; };
		8BD646BF2C17C4D9001819B5 /* ContentViewController.swift */ = {isa = PBXFileReference; lastKnownFileType = sourcecode.swift; path = ContentViewController.swift; sourceTree = "<group>"; };
		8BD646DC2C183CB3001819B5 /* MainMovie.swift */ = {isa = PBXFileReference; lastKnownFileType = sourcecode.swift; path = MainMovie.swift; sourceTree = "<group>"; };
		8BD6473C2C190791001819B5 /* MovieViewController.swift */ = {isa = PBXFileReference; lastKnownFileType = sourcecode.swift; path = MovieViewController.swift; sourceTree = "<group>"; };
		8BD647402C1907D1001819B5 /* Main.swift */ = {isa = PBXFileReference; lastKnownFileType = sourcecode.swift; path = Main.swift; sourceTree = "<group>"; };
/* End PBXFileReference section */

/* Begin PBXFrameworksBuildPhase section */
		8BD6468B2C16E671001819B5 /* Frameworks */ = {
			isa = PBXFrameworksBuildPhase;
			buildActionMask = 2147483647;
			files = (
				8BD646DB2C183A98001819B5 /* SnapKit in Frameworks */,
				8BD646D52C183A82001819B5 /* Kingfisher in Frameworks */,
				8BD646D82C183A8B001819B5 /* Alamofire in Frameworks */,
			);
			runOnlyForDeploymentPostprocessing = 0;
		};
/* End PBXFrameworksBuildPhase section */

/* Begin PBXGroup section */
		8B29AE582C295E83006DB1FF /* Network */ = {
			isa = PBXGroup;
			children = (
				8B29AE592C295EA8006DB1FF /* NetworkMainMovie.swift */,
				8B456ECD2C2BF2A8003CFBD1 /* NewNetwork.swift */,
				8B456ECF2C2BF37A003CFBD1 /* TMDBManager.swift */,
			);
			path = Network;
			sourceTree = "<group>";
		};
		8B29AE612C297A6C006DB1FF /* Cell */ = {
			isa = PBXGroup;
			children = (
				8B29AE632C297A77006DB1FF /* CollectionViewCell */,
				8B29AE622C297A70006DB1FF /* TableViewCell */,
			);
			path = Cell;
			sourceTree = "<group>";
		};
		8B29AE622C297A70006DB1FF /* TableViewCell */ = {
			isa = PBXGroup;
			children = (
				8BD646AB2C16EB3C001819B5 /* MediaTableViewCell.swift */,
				8B29AE5B2C296B77006DB1FF /* ContentTableViewCell.swift */,
			);
			path = TableViewCell;
			sourceTree = "<group>";
		};
		8B29AE632C297A77006DB1FF /* CollectionViewCell */ = {
			isa = PBXGroup;
			children = (
				8BD647402C1907D1001819B5 /* Main.swift */,
				8B29AE5D2C29782F006DB1FF /* ContentCollectionViewCell.swift */,
			);
			path = CollectionViewCell;
			sourceTree = "<group>";
		};
		8B29AE642C297A97006DB1FF /* Resource */ = {
			isa = PBXGroup;
			children = (
				8BD646DC2C183CB3001819B5 /* MainMovie.swift */,
				8B29AE652C297AB1006DB1FF /* ContentMovie.swift */,
				8B29AE672C297FD5006DB1FF /* Data.swift */,
				8B456EC22C2AFAFF003CFBD1 /* DateFormatter.swift */,
			);
			path = Resource;
			sourceTree = "<group>";
		};
		8B456EC62C2B8B40003CFBD1 /* Base */ = {
			isa = PBXGroup;
			children = (
				8B456EC72C2B8BDA003CFBD1 /* BaseViewController.swift */,
			);
			path = Base;
			sourceTree = "<group>";
		};
		8BD646852C16E671001819B5 = {
			isa = PBXGroup;
			children = (
				8BD646B52C1715F2001819B5 /* .gitignore */,
				8BD646902C16E671001819B5 /* MediaProject */,
				8BD6468F2C16E671001819B5 /* Products */,
			);
			sourceTree = "<group>";
		};
		8BD6468F2C16E671001819B5 /* Products */ = {
			isa = PBXGroup;
			children = (
				8BD6468E2C16E671001819B5 /* MediaProject.app */,
			);
			name = Products;
			sourceTree = "<group>";
		};
		8BD646902C16E671001819B5 /* MediaProject */ = {
			isa = PBXGroup;
			children = (
				8B456EC62C2B8B40003CFBD1 /* Base */,
				8B29AE642C297A97006DB1FF /* Resource */,
				8B29AE612C297A6C006DB1FF /* Cell */,
				8B29AE582C295E83006DB1FF /* Network */,
				8BD646BE2C17C4B0001819B5 /* ViewController */,
				8BD646B02C16F803001819B5 /* Extension */,
				8BD646AD2C16EEC2001819B5 /* Protocol */,
				8BD646912C16E671001819B5 /* AppDelegate.swift */,
				8BD646932C16E671001819B5 /* SceneDelegate.swift */,
				8BD6469A2C16E672001819B5 /* Assets.xcassets */,
				8BD6469C2C16E672001819B5 /* LaunchScreen.storyboard */,
				8BD6469F2C16E672001819B5 /* Info.plist */,
				8BD646B72C171C93001819B5 /* APIKey.swift */,
			);
			path = MediaProject;
			sourceTree = "<group>";
		};
		8BD646AD2C16EEC2001819B5 /* Protocol */ = {
			isa = PBXGroup;
			children = (
				8BD646AE2C16EED2001819B5 /* Protocol.swift */,
			);
			path = Protocol;
			sourceTree = "<group>";
		};
		8BD646B02C16F803001819B5 /* Extension */ = {
			isa = PBXGroup;
			children = (
				8BD646B12C16F816001819B5 /* UIView+Extension.swift */,
				8B29AE6F2C2A3B95006DB1FF /* UIViewController+Extension.swift */,
			);
			path = Extension;
			sourceTree = "<group>";
		};
		8BD646BE2C17C4B0001819B5 /* ViewController */ = {
			isa = PBXGroup;
			children = (
				8BD646952C16E671001819B5 /* MediaViewController.swift */,
				8BD646BF2C17C4D9001819B5 /* ContentViewController.swift */,
				8BD6473C2C190791001819B5 /* MovieViewController.swift */,
				8B456EC42C2B8544003CFBD1 /* DetailInfoViewController.swift */,
			);
			path = ViewController;
			sourceTree = "<group>";
		};
/* End PBXGroup section */

/* Begin PBXNativeTarget section */
		8BD6468D2C16E671001819B5 /* MediaProject */ = {
			isa = PBXNativeTarget;
			buildConfigurationList = 8BD646A22C16E672001819B5 /* Build configuration list for PBXNativeTarget "MediaProject" */;
			buildPhases = (
				8BD6468A2C16E671001819B5 /* Sources */,
				8BD6468B2C16E671001819B5 /* Frameworks */,
				8BD6468C2C16E671001819B5 /* Resources */,
			);
			buildRules = (
			);
			dependencies = (
			);
			name = MediaProject;
			packageProductDependencies = (
				8BD646D42C183A82001819B5 /* Kingfisher */,
				8BD646D72C183A8B001819B5 /* Alamofire */,
				8BD646DA2C183A98001819B5 /* SnapKit */,
			);
			productName = MediaProject;
			productReference = 8BD6468E2C16E671001819B5 /* MediaProject.app */;
			productType = "com.apple.product-type.application";
		};
/* End PBXNativeTarget section */

/* Begin PBXProject section */
		8BD646862C16E671001819B5 /* Project object */ = {
			isa = PBXProject;
			attributes = {
				BuildIndependentTargetsInParallel = 1;
				LastSwiftUpdateCheck = 1540;
				LastUpgradeCheck = 1540;
				TargetAttributes = {
					8BD6468D2C16E671001819B5 = {
						CreatedOnToolsVersion = 15.4;
					};
				};
			};
			buildConfigurationList = 8BD646892C16E671001819B5 /* Build configuration list for PBXProject "MediaProject" */;
			compatibilityVersion = "Xcode 14.0";
			developmentRegion = en;
			hasScannedForEncodings = 0;
			knownRegions = (
				en,
				Base,
			);
			mainGroup = 8BD646852C16E671001819B5;
			packageReferences = (
				8BD646D32C183A82001819B5 /* XCRemoteSwiftPackageReference "Kingfisher" */,
				8BD646D62C183A8B001819B5 /* XCRemoteSwiftPackageReference "Alamofire" */,
				8BD646D92C183A98001819B5 /* XCRemoteSwiftPackageReference "SnapKit" */,
			);
			productRefGroup = 8BD6468F2C16E671001819B5 /* Products */;
			projectDirPath = "";
			projectRoot = "";
			targets = (
				8BD6468D2C16E671001819B5 /* MediaProject */,
			);
		};
/* End PBXProject section */

/* Begin PBXResourcesBuildPhase section */
		8BD6468C2C16E671001819B5 /* Resources */ = {
			isa = PBXResourcesBuildPhase;
			buildActionMask = 2147483647;
			files = (
				8BD6469B2C16E672001819B5 /* Assets.xcassets in Resources */,
				8BD646B62C1715F2001819B5 /* .gitignore in Resources */,
				8BD6469E2C16E672001819B5 /* Base in Resources */,
			);
			runOnlyForDeploymentPostprocessing = 0;
		};
/* End PBXResourcesBuildPhase section */

/* Begin PBXSourcesBuildPhase section */
		8BD6468A2C16E671001819B5 /* Sources */ = {
			isa = PBXSourcesBuildPhase;
			buildActionMask = 2147483647;
			files = (
				8B29AE5A2C295EA8006DB1FF /* NetworkMainMovie.swift in Sources */,
				8B456ECE2C2BF2A8003CFBD1 /* NewNetwork.swift in Sources */,
				8BD646B22C16F816001819B5 /* UIView+Extension.swift in Sources */,
				8B456EC82C2B8BDA003CFBD1 /* BaseViewController.swift in Sources */,
				8B456EC32C2AFAFF003CFBD1 /* DateFormatter.swift in Sources */,
				8BD646B82C171C93001819B5 /* APIKey.swift in Sources */,
				8B456EC52C2B8544003CFBD1 /* DetailInfoViewController.swift in Sources */,
				8BD6473D2C190791001819B5 /* MovieViewController.swift in Sources */,
				8BD647412C1907D1001819B5 /* Main.swift in Sources */,
				8BD646AF2C16EED2001819B5 /* Protocol.swift in Sources */,
				8BD646962C16E671001819B5 /* MediaViewController.swift in Sources */,
				8B456ED02C2BF37A003CFBD1 /* TMDBManager.swift in Sources */,
				8B29AE682C297FD5006DB1FF /* Data.swift in Sources */,
				8BD646922C16E671001819B5 /* AppDelegate.swift in Sources */,
				8BD646AC2C16EB3C001819B5 /* MediaTableViewCell.swift in Sources */,
				8B29AE702C2A3B95006DB1FF /* UIViewController+Extension.swift in Sources */,
				8BD646942C16E671001819B5 /* SceneDelegate.swift in Sources */,
				8BD646C02C17C4D9001819B5 /* ContentViewController.swift in Sources */,
				8B29AE5C2C296B77006DB1FF /* ContentTableViewCell.swift in Sources */,
				8BD646DD2C183CB3001819B5 /* MainMovie.swift in Sources */,
				8B29AE5E2C29782F006DB1FF /* ContentCollectionViewCell.swift in Sources */,
				8B29AE662C297AB1006DB1FF /* ContentMovie.swift in Sources */,
			);
			runOnlyForDeploymentPostprocessing = 0;
		};
/* End PBXSourcesBuildPhase section */

/* Begin PBXVariantGroup section */
		8BD6469C2C16E672001819B5 /* LaunchScreen.storyboard */ = {
			isa = PBXVariantGroup;
			children = (
				8BD6469D2C16E672001819B5 /* Base */,
			);
			name = LaunchScreen.storyboard;
			sourceTree = "<group>";
		};
/* End PBXVariantGroup section */

/* Begin XCBuildConfiguration section */
		8BD646A02C16E672001819B5 /* Debug */ = {
			isa = XCBuildConfiguration;
			buildSettings = {
				ALWAYS_SEARCH_USER_PATHS = NO;
				ASSETCATALOG_COMPILER_GENERATE_SWIFT_ASSET_SYMBOL_EXTENSIONS = YES;
				CLANG_ANALYZER_NONNULL = YES;
				CLANG_ANALYZER_NUMBER_OBJECT_CONVERSION = YES_AGGRESSIVE;
				CLANG_CXX_LANGUAGE_STANDARD = "gnu++20";
				CLANG_ENABLE_MODULES = YES;
				CLANG_ENABLE_OBJC_ARC = YES;
				CLANG_ENABLE_OBJC_WEAK = YES;
				CLANG_WARN_BLOCK_CAPTURE_AUTORELEASING = YES;
				CLANG_WARN_BOOL_CONVERSION = YES;
				CLANG_WARN_COMMA = YES;
				CLANG_WARN_CONSTANT_CONVERSION = YES;
				CLANG_WARN_DEPRECATED_OBJC_IMPLEMENTATIONS = YES;
				CLANG_WARN_DIRECT_OBJC_ISA_USAGE = YES_ERROR;
				CLANG_WARN_DOCUMENTATION_COMMENTS = YES;
				CLANG_WARN_EMPTY_BODY = YES;
				CLANG_WARN_ENUM_CONVERSION = YES;
				CLANG_WARN_INFINITE_RECURSION = YES;
				CLANG_WARN_INT_CONVERSION = YES;
				CLANG_WARN_NON_LITERAL_NULL_CONVERSION = YES;
				CLANG_WARN_OBJC_IMPLICIT_RETAIN_SELF = YES;
				CLANG_WARN_OBJC_LITERAL_CONVERSION = YES;
				CLANG_WARN_OBJC_ROOT_CLASS = YES_ERROR;
				CLANG_WARN_QUOTED_INCLUDE_IN_FRAMEWORK_HEADER = YES;
				CLANG_WARN_RANGE_LOOP_ANALYSIS = YES;
				CLANG_WARN_STRICT_PROTOTYPES = YES;
				CLANG_WARN_SUSPICIOUS_MOVE = YES;
				CLANG_WARN_UNGUARDED_AVAILABILITY = YES_AGGRESSIVE;
				CLANG_WARN_UNREACHABLE_CODE = YES;
				CLANG_WARN__DUPLICATE_METHOD_MATCH = YES;
				COPY_PHASE_STRIP = NO;
				DEBUG_INFORMATION_FORMAT = dwarf;
				ENABLE_STRICT_OBJC_MSGSEND = YES;
				ENABLE_TESTABILITY = YES;
				ENABLE_USER_SCRIPT_SANDBOXING = YES;
				GCC_C_LANGUAGE_STANDARD = gnu17;
				GCC_DYNAMIC_NO_PIC = NO;
				GCC_NO_COMMON_BLOCKS = YES;
				GCC_OPTIMIZATION_LEVEL = 0;
				GCC_PREPROCESSOR_DEFINITIONS = (
					"DEBUG=1",
					"$(inherited)",
				);
				GCC_WARN_64_TO_32_BIT_CONVERSION = YES;
				GCC_WARN_ABOUT_RETURN_TYPE = YES_ERROR;
				GCC_WARN_UNDECLARED_SELECTOR = YES;
				GCC_WARN_UNINITIALIZED_AUTOS = YES_AGGRESSIVE;
				GCC_WARN_UNUSED_FUNCTION = YES;
				GCC_WARN_UNUSED_VARIABLE = YES;
				IPHONEOS_DEPLOYMENT_TARGET = 17.5;
				LOCALIZATION_PREFERS_STRING_CATALOGS = YES;
				MTL_ENABLE_DEBUG_INFO = INCLUDE_SOURCE;
				MTL_FAST_MATH = YES;
				ONLY_ACTIVE_ARCH = YES;
				SDKROOT = iphoneos;
				SWIFT_ACTIVE_COMPILATION_CONDITIONS = "DEBUG $(inherited)";
				SWIFT_OPTIMIZATION_LEVEL = "-Onone";
			};
			name = Debug;
		};
		8BD646A12C16E672001819B5 /* Release */ = {
			isa = XCBuildConfiguration;
			buildSettings = {
				ALWAYS_SEARCH_USER_PATHS = NO;
				ASSETCATALOG_COMPILER_GENERATE_SWIFT_ASSET_SYMBOL_EXTENSIONS = YES;
				CLANG_ANALYZER_NONNULL = YES;
				CLANG_ANALYZER_NUMBER_OBJECT_CONVERSION = YES_AGGRESSIVE;
				CLANG_CXX_LANGUAGE_STANDARD = "gnu++20";
				CLANG_ENABLE_MODULES = YES;
				CLANG_ENABLE_OBJC_ARC = YES;
				CLANG_ENABLE_OBJC_WEAK = YES;
				CLANG_WARN_BLOCK_CAPTURE_AUTORELEASING = YES;
				CLANG_WARN_BOOL_CONVERSION = YES;
				CLANG_WARN_COMMA = YES;
				CLANG_WARN_CONSTANT_CONVERSION = YES;
				CLANG_WARN_DEPRECATED_OBJC_IMPLEMENTATIONS = YES;
				CLANG_WARN_DIRECT_OBJC_ISA_USAGE = YES_ERROR;
				CLANG_WARN_DOCUMENTATION_COMMENTS = YES;
				CLANG_WARN_EMPTY_BODY = YES;
				CLANG_WARN_ENUM_CONVERSION = YES;
				CLANG_WARN_INFINITE_RECURSION = YES;
				CLANG_WARN_INT_CONVERSION = YES;
				CLANG_WARN_NON_LITERAL_NULL_CONVERSION = YES;
				CLANG_WARN_OBJC_IMPLICIT_RETAIN_SELF = YES;
				CLANG_WARN_OBJC_LITERAL_CONVERSION = YES;
				CLANG_WARN_OBJC_ROOT_CLASS = YES_ERROR;
				CLANG_WARN_QUOTED_INCLUDE_IN_FRAMEWORK_HEADER = YES;
				CLANG_WARN_RANGE_LOOP_ANALYSIS = YES;
				CLANG_WARN_STRICT_PROTOTYPES = YES;
				CLANG_WARN_SUSPICIOUS_MOVE = YES;
				CLANG_WARN_UNGUARDED_AVAILABILITY = YES_AGGRESSIVE;
				CLANG_WARN_UNREACHABLE_CODE = YES;
				CLANG_WARN__DUPLICATE_METHOD_MATCH = YES;
				COPY_PHASE_STRIP = NO;
				DEBUG_INFORMATION_FORMAT = "dwarf-with-dsym";
				ENABLE_NS_ASSERTIONS = NO;
				ENABLE_STRICT_OBJC_MSGSEND = YES;
				ENABLE_USER_SCRIPT_SANDBOXING = YES;
				GCC_C_LANGUAGE_STANDARD = gnu17;
				GCC_NO_COMMON_BLOCKS = YES;
				GCC_WARN_64_TO_32_BIT_CONVERSION = YES;
				GCC_WARN_ABOUT_RETURN_TYPE = YES_ERROR;
				GCC_WARN_UNDECLARED_SELECTOR = YES;
				GCC_WARN_UNINITIALIZED_AUTOS = YES_AGGRESSIVE;
				GCC_WARN_UNUSED_FUNCTION = YES;
				GCC_WARN_UNUSED_VARIABLE = YES;
				IPHONEOS_DEPLOYMENT_TARGET = 17.5;
				LOCALIZATION_PREFERS_STRING_CATALOGS = YES;
				MTL_ENABLE_DEBUG_INFO = NO;
				MTL_FAST_MATH = YES;
				SDKROOT = iphoneos;
				SWIFT_COMPILATION_MODE = wholemodule;
				VALIDATE_PRODUCT = YES;
			};
			name = Release;
		};
		8BD646A32C16E672001819B5 /* Debug */ = {
			isa = XCBuildConfiguration;
			buildSettings = {
				ASSETCATALOG_COMPILER_APPICON_NAME = AppIcon;
				ASSETCATALOG_COMPILER_GLOBAL_ACCENT_COLOR_NAME = AccentColor;
				CODE_SIGN_STYLE = Automatic;
				CURRENT_PROJECT_VERSION = 1;
				GENERATE_INFOPLIST_FILE = YES;
				INFOPLIST_FILE = MediaProject/Info.plist;
				INFOPLIST_KEY_UIApplicationSupportsIndirectInputEvents = YES;
				INFOPLIST_KEY_UILaunchStoryboardName = LaunchScreen;
				INFOPLIST_KEY_UISupportedInterfaceOrientations = UIInterfaceOrientationPortrait;
				INFOPLIST_KEY_UISupportedInterfaceOrientations_iPad = "UIInterfaceOrientationLandscapeLeft UIInterfaceOrientationLandscapeRight UIInterfaceOrientationPortrait UIInterfaceOrientationPortraitUpsideDown";
				LD_RUNPATH_SEARCH_PATHS = (
					"$(inherited)",
					"@executable_path/Frameworks",
				);
				MARKETING_VERSION = 1.0;
				PRODUCT_BUNDLE_IDENTIFIER = com.Swift.MediaProject;
				PRODUCT_NAME = "$(TARGET_NAME)";
				SUPPORTED_PLATFORMS = "iphoneos iphonesimulator";
				SUPPORTS_MACCATALYST = NO;
				SUPPORTS_MAC_DESIGNED_FOR_IPHONE_IPAD = NO;
				SUPPORTS_XR_DESIGNED_FOR_IPHONE_IPAD = NO;
				SWIFT_EMIT_LOC_STRINGS = YES;
				SWIFT_VERSION = 5.0;
				TARGETED_DEVICE_FAMILY = 1;
			};
			name = Debug;
		};
		8BD646A42C16E672001819B5 /* Release */ = {
			isa = XCBuildConfiguration;
			buildSettings = {
				ASSETCATALOG_COMPILER_APPICON_NAME = AppIcon;
				ASSETCATALOG_COMPILER_GLOBAL_ACCENT_COLOR_NAME = AccentColor;
				CODE_SIGN_STYLE = Automatic;
				CURRENT_PROJECT_VERSION = 1;
				GENERATE_INFOPLIST_FILE = YES;
				INFOPLIST_FILE = MediaProject/Info.plist;
				INFOPLIST_KEY_UIApplicationSupportsIndirectInputEvents = YES;
				INFOPLIST_KEY_UILaunchStoryboardName = LaunchScreen;
				INFOPLIST_KEY_UISupportedInterfaceOrientations = UIInterfaceOrientationPortrait;
				INFOPLIST_KEY_UISupportedInterfaceOrientations_iPad = "UIInterfaceOrientationLandscapeLeft UIInterfaceOrientationLandscapeRight UIInterfaceOrientationPortrait UIInterfaceOrientationPortraitUpsideDown";
				LD_RUNPATH_SEARCH_PATHS = (
					"$(inherited)",
					"@executable_path/Frameworks",
				);
				MARKETING_VERSION = 1.0;
				PRODUCT_BUNDLE_IDENTIFIER = com.Swift.MediaProject;
				PRODUCT_NAME = "$(TARGET_NAME)";
				SUPPORTED_PLATFORMS = "iphoneos iphonesimulator";
				SUPPORTS_MACCATALYST = NO;
				SUPPORTS_MAC_DESIGNED_FOR_IPHONE_IPAD = NO;
				SUPPORTS_XR_DESIGNED_FOR_IPHONE_IPAD = NO;
				SWIFT_EMIT_LOC_STRINGS = YES;
				SWIFT_VERSION = 5.0;
				TARGETED_DEVICE_FAMILY = 1;
			};
			name = Release;
		};
/* End XCBuildConfiguration section */

/* Begin XCConfigurationList section */
		8BD646892C16E671001819B5 /* Build configuration list for PBXProject "MediaProject" */ = {
			isa = XCConfigurationList;
			buildConfigurations = (
				8BD646A02C16E672001819B5 /* Debug */,
				8BD646A12C16E672001819B5 /* Release */,
			);
			defaultConfigurationIsVisible = 0;
			defaultConfigurationName = Release;
		};
		8BD646A22C16E672001819B5 /* Build configuration list for PBXNativeTarget "MediaProject" */ = {
			isa = XCConfigurationList;
			buildConfigurations = (
				8BD646A32C16E672001819B5 /* Debug */,
				8BD646A42C16E672001819B5 /* Release */,
			);
			defaultConfigurationIsVisible = 0;
			defaultConfigurationName = Release;
		};
/* End XCConfigurationList section */

/* Begin XCRemoteSwiftPackageReference section */
		8BD646D32C183A82001819B5 /* XCRemoteSwiftPackageReference "Kingfisher" */ = {
			isa = XCRemoteSwiftPackageReference;
			repositoryURL = "https://github.com/onevcat/Kingfisher.git";
			requirement = {
				kind = upToNextMajorVersion;
				minimumVersion = 7.12.0;
			};
		};
		8BD646D62C183A8B001819B5 /* XCRemoteSwiftPackageReference "Alamofire" */ = {
			isa = XCRemoteSwiftPackageReference;
			repositoryURL = "https://github.com/Alamofire/Alamofire.git";
			requirement = {
				kind = upToNextMajorVersion;
				minimumVersion = 5.9.1;
			};
		};
		8BD646D92C183A98001819B5 /* XCRemoteSwiftPackageReference "SnapKit" */ = {
			isa = XCRemoteSwiftPackageReference;
			repositoryURL = "https://github.com/SnapKit/SnapKit.git";
			requirement = {
				kind = upToNextMajorVersion;
				minimumVersion = 5.7.1;
			};
		};
/* End XCRemoteSwiftPackageReference section */

/* Begin XCSwiftPackageProductDependency section */
		8BD646D42C183A82001819B5 /* Kingfisher */ = {
			isa = XCSwiftPackageProductDependency;
			package = 8BD646D32C183A82001819B5 /* XCRemoteSwiftPackageReference "Kingfisher" */;
			productName = Kingfisher;
		};
		8BD646D72C183A8B001819B5 /* Alamofire */ = {
			isa = XCSwiftPackageProductDependency;
			package = 8BD646D62C183A8B001819B5 /* XCRemoteSwiftPackageReference "Alamofire" */;
			productName = Alamofire;
		};
		8BD646DA2C183A98001819B5 /* SnapKit */ = {
			isa = XCSwiftPackageProductDependency;
			package = 8BD646D92C183A98001819B5 /* XCRemoteSwiftPackageReference "SnapKit" */;
			productName = SnapKit;
		};
/* End XCSwiftPackageProductDependency section */
	};
	rootObject = 8BD646862C16E671001819B5 /* Project object */;
}
